
Microsoft Visual Studio Solution File, Format Version 12.00
# Visual Studio 15
VisualStudioVersion = 15.0.28010.2003
MinimumVisualStudioVersion = 10.0.40219.1
Project("{FAE04EC0-301F-11D3-BF4B-00C04F79EFBC}") = "HelloWorld", "HelloWorld\HelloWorld.csproj", "{F4B34C36-6A29-4CD2-9AA3-40C7DDDB580F}"
EndProject
Project("{FAE04EC0-301F-11D3-BF4B-00C04F79EFBC}") = "Types", "Types\Types.csproj", "{D6B737F9-851C-4014-8DF7-B018C19D905A}"
EndProject
Project("{FAE04EC0-301F-11D3-BF4B-00C04F79EFBC}") = "OperadoresAritimeticos", "OperadoresAritimeticos\OperadoresAritimeticos.csproj", "{1CF6A330-A43F-4ACE-931C-95B53ECF811D}"
EndProject
Global
	GlobalSection(SolutionConfigurationPlatforms) = preSolution
		Debug|Any CPU = Debug|Any CPU
		Release|Any CPU = Release|Any CPU
	EndGlobalSection
	GlobalSection(ProjectConfigurationPlatforms) = postSolution
		{F4B34C36-6A29-4CD2-9AA3-40C7DDDB580F}.Debug|Any CPU.ActiveCfg = Debug|Any CPU
		{F4B34C36-6A29-4CD2-9AA3-40C7DDDB580F}.Debug|Any CPU.Build.0 = Debug|Any CPU
		{F4B34C36-6A29-4CD2-9AA3-40C7DDDB580F}.Release|Any CPU.ActiveCfg = Release|Any CPU
		{F4B34C36-6A29-4CD2-9AA3-40C7DDDB580F}.Release|Any CPU.Build.0 = Release|Any CPU
		{D6B737F9-851C-4014-8DF7-B018C19D905A}.Debug|Any CPU.ActiveCfg = Debug|Any CPU
		{D6B737F9-851C-4014-8DF7-B018C19D905A}.Debug|Any CPU.Build.0 = Debug|Any CPU
		{D6B737F9-851C-4014-8DF7-B018C19D905A}.Release|Any CPU.ActiveCfg = Release|Any CPU
		{D6B737F9-851C-4014-8DF7-B018C19D905A}.Release|Any CPU.Build.0 = Release|Any CPU
		{1CF6A330-A43F-4ACE-931C-95B53ECF811D}.Debug|Any CPU.ActiveCfg = Debug|Any CPU
		{1CF6A330-A43F-4ACE-931C-95B53ECF811D}.Debug|Any CPU.Build.0 = Debug|Any CPU
		{1CF6A330-A43F-4ACE-931C-95B53ECF811D}.Release|Any CPU.ActiveCfg = Release|Any CPU
		{1CF6A330-A43F-4ACE-931C-95B53ECF811D}.Release|Any CPU.Build.0 = Release|Any CPU
	EndGlobalSection
	GlobalSection(SolutionProperties) = preSolution
		HideSolutionNode = FALSE
	EndGlobalSection
	GlobalSection(ExtensibilityGlobals) = postSolution
		SolutionGuid = {794BC2DF-FB27-4D4D-AE0F-AFD375C48012}
	EndGlobalSection
EndGlobal
